PODS:
  - DZNEmptyDataSet (1.8.1)
  - IQKeyboardManager (6.5.6)
  - Masonry (1.1.0)
  - PhotoBrowser (0.8.1)
  - SCLAlertView-Objective-C (1.2.0)
  - SDWebImage (5.10.0):
    - SDWebImage/Core (= 5.10.0)
  - SDWebImage/Core (5.10.0)

DEPENDENCIES:
  - DZNEmptyDataSet
  - IQKeyboardManager
  - Masonry
  - PhotoBrowser
  - SCLAlertView-Objective-C
  - SDWebImage

SPEC REPOS:
  trunk:
    - DZNEmptyDataSet
    - IQKeyboardManager
    - Masonry
    - PhotoBrowser
    - SCLAlertView-Objective-C
    - SDWebImage

SPEC CHECKSUMS:
  DZNEmptyDataSet: 9525833b9e68ac21c30253e1d3d7076cc828eaa7
  IQKeyboardManager: 2a6e97afdafc7becf0cb17a9a8d795e3a980717f
  Masonry: 678fab65091a9290e40e2832a55e7ab731aad201
  PhotoBrowser: afab1abad5dfc58609460d66fb27a166cafadf0d
  SCLAlertView-Objective-C: 84f12f66d779dadad7f293e5e8b7697ba4254ee0
  SDWebImage: 9169792e9eec3e45bba2a0c02f74bf8bd922d1ee

PODFILE CHECKSUM: cf8459e59464722e04a627528f88e7106829c81b

COCOAPODS: 1.9.3
